
Microsoft Visual Studio Solution File, Format Version 12.00
# Visual Studio 14
VisualStudioVersion = 14.0.24720.0
MinimumVisualStudioVersion = 10.0.40219.1
Project("{FAE04EC0-301F-11D3-BF4B-00C04F79EFBC}") = "Rimshot", "Rimshot\Rimshot.csproj", "{71CCF097-1845-4C2F-BDBD-127736955C64}"
EndProject
Project("{2150E333-8FDC-42A3-9474-1A3956D46DE8}") = "Libraries", "Libraries", "{40B1AE29-17DF-4935-BD2B-5FEB42CC6314}"
EndProject
Project("{FAE04EC0-301F-11D3-BF4B-00C04F79EFBC}") = "Songkick", "Libraries\Songkick\Songkick.csproj", "{CF544F82-F695-4E4D-A72E-4827527C2737}"
EndProject
Project("{FAE04EC0-301F-11D3-BF4B-00C04F79EFBC}") = "Helpers", "Libraries\Helpers\Helpers\Helpers.csproj", "{EDE5C3EA-9793-4B84-BB6E-C852A1C179BB}"
EndProject
Project("{2150E333-8FDC-42A3-9474-1A3956D46DE8}") = "Backend", "Backend", "{C6AC6CE1-AA34-421D-A598-6C3085CD5E07}"
EndProject
Project("{FAE04EC0-301F-11D3-BF4B-00C04F79EFBC}") = "RimshotBackend", "Backend\RimshotBackend\RimshotBackend.csproj", "{E7B99754-3A06-40B1-8ADA-20AD63B243EF}"
EndProject
Project("{FAE04EC0-301F-11D3-BF4B-00C04F79EFBC}") = "Echonest", "Libraries\Echonest\Echonest.csproj", "{13886439-303A-4F57-BC44-C6C0CC024EC1}"
EndProject
Global
	GlobalSection(SolutionConfigurationPlatforms) = preSolution
		Debug|Any CPU = Debug|Any CPU
		Debug|ARM = Debug|ARM
		Debug|x64 = Debug|x64
		Debug|x86 = Debug|x86
		Release|Any CPU = Release|Any CPU
		Release|ARM = Release|ARM
		Release|x64 = Release|x64
		Release|x86 = Release|x86
	EndGlobalSection
	GlobalSection(ProjectConfigurationPlatforms) = postSolution
		{71CCF097-1845-4C2F-BDBD-127736955C64}.Debug|Any CPU.ActiveCfg = Debug|x86
		{71CCF097-1845-4C2F-BDBD-127736955C64}.Debug|ARM.ActiveCfg = Debug|ARM
		{71CCF097-1845-4C2F-BDBD-127736955C64}.Debug|ARM.Build.0 = Debug|ARM
		{71CCF097-1845-4C2F-BDBD-127736955C64}.Debug|ARM.Deploy.0 = Debug|ARM
		{71CCF097-1845-4C2F-BDBD-127736955C64}.Debug|x64.ActiveCfg = Debug|x64
		{71CCF097-1845-4C2F-BDBD-127736955C64}.Debug|x64.Build.0 = Debug|x64
		{71CCF097-1845-4C2F-BDBD-127736955C64}.Debug|x64.Deploy.0 = Debug|x64
		{71CCF097-1845-4C2F-BDBD-127736955C64}.Debug|x86.ActiveCfg = Debug|x86
		{71CCF097-1845-4C2F-BDBD-127736955C64}.Debug|x86.Build.0 = Debug|x86
		{71CCF097-1845-4C2F-BDBD-127736955C64}.Debug|x86.Deploy.0 = Debug|x86
		{71CCF097-1845-4C2F-BDBD-127736955C64}.Release|Any CPU.ActiveCfg = Release|x86
		{71CCF097-1845-4C2F-BDBD-127736955C64}.Release|ARM.ActiveCfg = Release|ARM
		{71CCF097-1845-4C2F-BDBD-127736955C64}.Release|ARM.Build.0 = Release|ARM
		{71CCF097-1845-4C2F-BDBD-127736955C64}.Release|ARM.Deploy.0 = Release|ARM
		{71CCF097-1845-4C2F-BDBD-127736955C64}.Release|x64.ActiveCfg = Release|x64
		{71CCF097-1845-4C2F-BDBD-127736955C64}.Release|x64.Build.0 = Release|x64
		{71CCF097-1845-4C2F-BDBD-127736955C64}.Release|x64.Deploy.0 = Release|x64
		{71CCF097-1845-4C2F-BDBD-127736955C64}.Release|x86.ActiveCfg = Release|x86
		{71CCF097-1845-4C2F-BDBD-127736955C64}.Release|x86.Build.0 = Release|x86
		{71CCF097-1845-4C2F-BDBD-127736955C64}.Release|x86.Deploy.0 = Release|x86
		{CF544F82-F695-4E4D-A72E-4827527C2737}.Debug|Any CPU.ActiveCfg = Debug|Any CPU
		{CF544F82-F695-4E4D-A72E-4827527C2737}.Debug|Any CPU.Build.0 = Debug|Any CPU
		{CF544F82-F695-4E4D-A72E-4827527C2737}.Debug|ARM.ActiveCfg = Debug|ARM
		{CF544F82-F695-4E4D-A72E-4827527C2737}.Debug|ARM.Build.0 = Debug|ARM
		{CF544F82-F695-4E4D-A72E-4827527C2737}.Debug|x64.ActiveCfg = Debug|x64
		{CF544F82-F695-4E4D-A72E-4827527C2737}.Debug|x64.Build.0 = Debug|x64
		{CF544F82-F695-4E4D-A72E-4827527C2737}.Debug|x86.ActiveCfg = Debug|x86
		{CF544F82-F695-4E4D-A72E-4827527C2737}.Debug|x86.Build.0 = Debug|x86
		{CF544F82-F695-4E4D-A72E-4827527C2737}.Release|Any CPU.ActiveCfg = Release|Any CPU
		{CF544F82-F695-4E4D-A72E-4827527C2737}.Release|Any CPU.Build.0 = Release|Any CPU
		{CF544F82-F695-4E4D-A72E-4827527C2737}.Release|ARM.ActiveCfg = Release|ARM
		{CF544F82-F695-4E4D-A72E-4827527C2737}.Release|ARM.Build.0 = Release|ARM
		{CF544F82-F695-4E4D-A72E-4827527C2737}.Release|x64.ActiveCfg = Release|x64
		{CF544F82-F695-4E4D-A72E-4827527C2737}.Release|x64.Build.0 = Release|x64
		{CF544F82-F695-4E4D-A72E-4827527C2737}.Release|x86.ActiveCfg = Release|x86
		{CF544F82-F695-4E4D-A72E-4827527C2737}.Release|x86.Build.0 = Release|x86
		{EDE5C3EA-9793-4B84-BB6E-C852A1C179BB}.Debug|Any CPU.ActiveCfg = Debug|Any CPU
		{EDE5C3EA-9793-4B84-BB6E-C852A1C179BB}.Debug|Any CPU.Build.0 = Debug|Any CPU
		{EDE5C3EA-9793-4B84-BB6E-C852A1C179BB}.Debug|ARM.ActiveCfg = Debug|ARM
		{EDE5C3EA-9793-4B84-BB6E-C852A1C179BB}.Debug|ARM.Build.0 = Debug|ARM
		{EDE5C3EA-9793-4B84-BB6E-C852A1C179BB}.Debug|x64.ActiveCfg = Debug|x64
		{EDE5C3EA-9793-4B84-BB6E-C852A1C179BB}.Debug|x64.Build.0 = Debug|x64
		{EDE5C3EA-9793-4B84-BB6E-C852A1C179BB}.Debug|x86.ActiveCfg = Debug|x86
		{EDE5C3EA-9793-4B84-BB6E-C852A1C179BB}.Debug|x86.Build.0 = Debug|x86
		{EDE5C3EA-9793-4B84-BB6E-C852A1C179BB}.Release|Any CPU.ActiveCfg = Release|Any CPU
		{EDE5C3EA-9793-4B84-BB6E-C852A1C179BB}.Release|Any CPU.Build.0 = Release|Any CPU
		{EDE5C3EA-9793-4B84-BB6E-C852A1C179BB}.Release|ARM.ActiveCfg = Release|ARM
		{EDE5C3EA-9793-4B84-BB6E-C852A1C179BB}.Release|ARM.Build.0 = Release|ARM
		{EDE5C3EA-9793-4B84-BB6E-C852A1C179BB}.Release|x64.ActiveCfg = Release|x64
		{EDE5C3EA-9793-4B84-BB6E-C852A1C179BB}.Release|x64.Build.0 = Release|x64
		{EDE5C3EA-9793-4B84-BB6E-C852A1C179BB}.Release|x86.ActiveCfg = Release|x86
		{EDE5C3EA-9793-4B84-BB6E-C852A1C179BB}.Release|x86.Build.0 = Release|x86
		{E7B99754-3A06-40B1-8ADA-20AD63B243EF}.Debug|Any CPU.ActiveCfg = Debug|Any CPU
		{E7B99754-3A06-40B1-8ADA-20AD63B243EF}.Debug|Any CPU.Build.0 = Debug|Any CPU
		{E7B99754-3A06-40B1-8ADA-20AD63B243EF}.Debug|ARM.ActiveCfg = Debug|Any CPU
		{E7B99754-3A06-40B1-8ADA-20AD63B243EF}.Debug|ARM.Build.0 = Debug|Any CPU
		{E7B99754-3A06-40B1-8ADA-20AD63B243EF}.Debug|x64.ActiveCfg = Debug|Any CPU
		{E7B99754-3A06-40B1-8ADA-20AD63B243EF}.Debug|x64.Build.0 = Debug|Any CPU
		{E7B99754-3A06-40B1-8ADA-20AD63B243EF}.Debug|x86.ActiveCfg = Debug|Any CPU
		{E7B99754-3A06-40B1-8ADA-20AD63B243EF}.Debug|x86.Build.0 = Debug|Any CPU
		{E7B99754-3A06-40B1-8ADA-20AD63B243EF}.Release|Any CPU.ActiveCfg = Release|Any CPU
		{E7B99754-3A06-40B1-8ADA-20AD63B243EF}.Release|Any CPU.Build.0 = Release|Any CPU
		{E7B99754-3A06-40B1-8ADA-20AD63B243EF}.Release|ARM.ActiveCfg = Release|Any CPU
		{E7B99754-3A06-40B1-8ADA-20AD63B243EF}.Release|ARM.Build.0 = Release|Any CPU
		{E7B99754-3A06-40B1-8ADA-20AD63B243EF}.Release|x64.ActiveCfg = Release|Any CPU
		{E7B99754-3A06-40B1-8ADA-20AD63B243EF}.Release|x64.Build.0 = Release|Any CPU
		{E7B99754-3A06-40B1-8ADA-20AD63B243EF}.Release|x86.ActiveCfg = Release|Any CPU
		{E7B99754-3A06-40B1-8ADA-20AD63B243EF}.Release|x86.Build.0 = Release|Any CPU
		{13886439-303A-4F57-BC44-C6C0CC024EC1}.Debug|Any CPU.ActiveCfg = Debug|Any CPU
		{13886439-303A-4F57-BC44-C6C0CC024EC1}.Debug|Any CPU.Build.0 = Debug|Any CPU
		{13886439-303A-4F57-BC44-C6C0CC024EC1}.Debug|ARM.ActiveCfg = Debug|ARM
		{13886439-303A-4F57-BC44-C6C0CC024EC1}.Debug|ARM.Build.0 = Debug|ARM
		{13886439-303A-4F57-BC44-C6C0CC024EC1}.Debug|x64.ActiveCfg = Debug|x64
		{13886439-303A-4F57-BC44-C6C0CC024EC1}.Debug|x64.Build.0 = Debug|x64
		{13886439-303A-4F57-BC44-C6C0CC024EC1}.Debug|x86.ActiveCfg = Debug|x86
		{13886439-303A-4F57-BC44-C6C0CC024EC1}.Debug|x86.Build.0 = Debug|x86
		{13886439-303A-4F57-BC44-C6C0CC024EC1}.Release|Any CPU.ActiveCfg = Release|Any CPU
		{13886439-303A-4F57-BC44-C6C0CC024EC1}.Release|Any CPU.Build.0 = Release|Any CPU
		{13886439-303A-4F57-BC44-C6C0CC024EC1}.Release|ARM.ActiveCfg = Release|ARM
		{13886439-303A-4F57-BC44-C6C0CC024EC1}.Release|ARM.Build.0 = Release|ARM
		{13886439-303A-4F57-BC44-C6C0CC024EC1}.Release|x64.ActiveCfg = Release|x64
		{13886439-303A-4F57-BC44-C6C0CC024EC1}.Release|x64.Build.0 = Release|x64
		{13886439-303A-4F57-BC44-C6C0CC024EC1}.Release|x86.ActiveCfg = Release|x86
		{13886439-303A-4F57-BC44-C6C0CC024EC1}.Release|x86.Build.0 = Release|x86
	EndGlobalSection
	GlobalSection(SolutionProperties) = preSolution
		HideSolutionNode = FALSE
	EndGlobalSection
	GlobalSection(NestedProjects) = preSolution
		{CF544F82-F695-4E4D-A72E-4827527C2737} = {40B1AE29-17DF-4935-BD2B-5FEB42CC6314}
		{EDE5C3EA-9793-4B84-BB6E-C852A1C179BB} = {40B1AE29-17DF-4935-BD2B-5FEB42CC6314}
		{E7B99754-3A06-40B1-8ADA-20AD63B243EF} = {C6AC6CE1-AA34-421D-A598-6C3085CD5E07}
		{13886439-303A-4F57-BC44-C6C0CC024EC1} = {40B1AE29-17DF-4935-BD2B-5FEB42CC6314}
	EndGlobalSection
EndGlobal
